
Microsoft Visual Studio Solution File, Format Version 12.00
# Visual Studio Version 16
VisualStudioVersion = 16.0.31112.23
MinimumVisualStudioVersion = 10.0.40219.1
Project("{FAE04EC0-301F-11D3-BF4B-00C04F79EFBC}") = "Repository", "Repository\Repository.csproj", "{3A354AE1-EFB0-49BB-BC49-22244C2E0C2A}"
EndProject
Project("{FAE04EC0-301F-11D3-BF4B-00C04F79EFBC}") = "Domain", "Domain\Domain.csproj", "{220BC3D4-66B2-4E30-A151-5A46B2F96863}"
EndProject
Project("{FAE04EC0-301F-11D3-BF4B-00C04F79EFBC}") = "IRepository", "IRepository\IRepository.csproj", "{EA9BBC13-BA3B-4D49-A71F-DD1BEC02C593}"
EndProject
Project("{FAE04EC0-301F-11D3-BF4B-00C04F79EFBC}") = "Services", "Services\Services.csproj", "{52AA4712-B957-4AC5-89FE-BA9B374E598A}"
EndProject
Project("{FAE04EC0-301F-11D3-BF4B-00C04F79EFBC}") = "IServices", "IServices\IServices.csproj", "{52534975-1627-4CC0-BA4C-4839E490933E}"
EndProject
Project("{FAE04EC0-301F-11D3-BF4B-00C04F79EFBC}") = "WebUI", "WebUI\WebUI.csproj", "{1D70B65B-4834-491F-B172-4D859DEA2941}"
EndProject
Project("{FAE04EC0-301F-11D3-BF4B-00C04F79EFBC}") = "ViewModel", "ViewModel\ViewModel.csproj", "{AF0913B0-DB9D-430C-BCF3-5902D1889331}"
EndProject
Project("{FAE04EC0-301F-11D3-BF4B-00C04F79EFBC}") = "Common", "Common\Common.csproj", "{5502BA0F-F3ED-4E48-8064-80958C0C2517}"
EndProject
Global
	GlobalSection(SolutionConfigurationPlatforms) = preSolution
		Debug|Any CPU = Debug|Any CPU
		Release|Any CPU = Release|Any CPU
	EndGlobalSection
	GlobalSection(ProjectConfigurationPlatforms) = postSolution
		{3A354AE1-EFB0-49BB-BC49-22244C2E0C2A}.Debug|Any CPU.ActiveCfg = Debug|Any CPU
		{3A354AE1-EFB0-49BB-BC49-22244C2E0C2A}.Debug|Any CPU.Build.0 = Debug|Any CPU
		{3A354AE1-EFB0-49BB-BC49-22244C2E0C2A}.Release|Any CPU.ActiveCfg = Release|Any CPU
		{3A354AE1-EFB0-49BB-BC49-22244C2E0C2A}.Release|Any CPU.Build.0 = Release|Any CPU
		{220BC3D4-66B2-4E30-A151-5A46B2F96863}.Debug|Any CPU.ActiveCfg = Debug|Any CPU
		{220BC3D4-66B2-4E30-A151-5A46B2F96863}.Debug|Any CPU.Build.0 = Debug|Any CPU
		{220BC3D4-66B2-4E30-A151-5A46B2F96863}.Release|Any CPU.ActiveCfg = Release|Any CPU
		{220BC3D4-66B2-4E30-A151-5A46B2F96863}.Release|Any CPU.Build.0 = Release|Any CPU
		{EA9BBC13-BA3B-4D49-A71F-DD1BEC02C593}.Debug|Any CPU.ActiveCfg = Debug|Any CPU
		{EA9BBC13-BA3B-4D49-A71F-DD1BEC02C593}.Debug|Any CPU.Build.0 = Debug|Any CPU
		{EA9BBC13-BA3B-4D49-A71F-DD1BEC02C593}.Release|Any CPU.ActiveCfg = Release|Any CPU
		{EA9BBC13-BA3B-4D49-A71F-DD1BEC02C593}.Release|Any CPU.Build.0 = Release|Any CPU
		{52AA4712-B957-4AC5-89FE-BA9B374E598A}.Debug|Any CPU.ActiveCfg = Debug|Any CPU
		{52AA4712-B957-4AC5-89FE-BA9B374E598A}.Debug|Any CPU.Build.0 = Debug|Any CPU
		{52AA4712-B957-4AC5-89FE-BA9B374E598A}.Release|Any CPU.ActiveCfg = Release|Any CPU
		{52AA4712-B957-4AC5-89FE-BA9B374E598A}.Release|Any CPU.Build.0 = Release|Any CPU
		{52534975-1627-4CC0-BA4C-4839E490933E}.Debug|Any CPU.ActiveCfg = Debug|Any CPU
		{52534975-1627-4CC0-BA4C-4839E490933E}.Debug|Any CPU.Build.0 = Debug|Any CPU
		{52534975-1627-4CC0-BA4C-4839E490933E}.Release|Any CPU.ActiveCfg = Release|Any CPU
		{52534975-1627-4CC0-BA4C-4839E490933E}.Release|Any CPU.Build.0 = Release|Any CPU
		{1D70B65B-4834-491F-B172-4D859DEA2941}.Debug|Any CPU.ActiveCfg = Debug|Any CPU
		{1D70B65B-4834-491F-B172-4D859DEA2941}.Debug|Any CPU.Build.0 = Debug|Any CPU
		{1D70B65B-4834-491F-B172-4D859DEA2941}.Release|Any CPU.ActiveCfg = Release|Any CPU
		{1D70B65B-4834-491F-B172-4D859DEA2941}.Release|Any CPU.Build.0 = Release|Any CPU
		{AF0913B0-DB9D-430C-BCF3-5902D1889331}.Debug|Any CPU.ActiveCfg = Debug|Any CPU
		{AF0913B0-DB9D-430C-BCF3-5902D1889331}.Debug|Any CPU.Build.0 = Debug|Any CPU
		{AF0913B0-DB9D-430C-BCF3-5902D1889331}.Release|Any CPU.ActiveCfg = Release|Any CPU
		{AF0913B0-DB9D-430C-BCF3-5902D1889331}.Release|Any CPU.Build.0 = Release|Any CPU
		{5502BA0F-F3ED-4E48-8064-80958C0C2517}.Debug|Any CPU.ActiveCfg = Debug|Any CPU
		{5502BA0F-F3ED-4E48-8064-80958C0C2517}.Debug|Any CPU.Build.0 = Debug|Any CPU
		{5502BA0F-F3ED-4E48-8064-80958C0C2517}.Release|Any CPU.ActiveCfg = Release|Any CPU
		{5502BA0F-F3ED-4E48-8064-80958C0C2517}.Release|Any CPU.Build.0 = Release|Any CPU
	EndGlobalSection
	GlobalSection(SolutionProperties) = preSolution
		HideSolutionNode = FALSE
	EndGlobalSection
	GlobalSection(ExtensibilityGlobals) = postSolution
		SolutionGuid = {001EC4A6-AF33-4C3F-BBB7-FB8EA1F47A33}
	EndGlobalSection
EndGlobal
